
Microsoft Visual Studio Solution File, Format Version 12.00
# Visual Studio 15
Project("{FAE04EC0-301F-11D3-BF4B-00C04F79EFBC}") = "VR_SkyBox", "VR_SkyBox.csproj", "{F630D657-C852-6042-C349-BEB606BDBBF6}"
EndProject
Project("{FAE04EC0-301F-11D3-BF4B-00C04F79EFBC}") = "VR_SkyBox.Editor", "VR_SkyBox.Editor.csproj", "{5BA0EC4E-C6B4-86B0-1917-4842BAA8E3BB}"
EndProject
Global
	GlobalSection(SolutionConfigurationPlatforms) = preSolution
		Debug|Any CPU = Debug|Any CPU
		Release|Any CPU = Release|Any CPU
	EndGlobalSection
	GlobalSection(ProjectConfigurationPlatforms) = postSolution
		{F630D657-C852-6042-C349-BEB606BDBBF6}.Debug|Any CPU.ActiveCfg = Debug|Any CPU
		{F630D657-C852-6042-C349-BEB606BDBBF6}.Debug|Any CPU.Build.0 = Debug|Any CPU
		{F630D657-C852-6042-C349-BEB606BDBBF6}.Release|Any CPU.ActiveCfg = Release|Any CPU
		{F630D657-C852-6042-C349-BEB606BDBBF6}.Release|Any CPU.Build.0 = Release|Any CPU
		{5BA0EC4E-C6B4-86B0-1917-4842BAA8E3BB}.Debug|Any CPU.ActiveCfg = Debug|Any CPU
		{5BA0EC4E-C6B4-86B0-1917-4842BAA8E3BB}.Debug|Any CPU.Build.0 = Debug|Any CPU
		{5BA0EC4E-C6B4-86B0-1917-4842BAA8E3BB}.Release|Any CPU.ActiveCfg = Release|Any CPU
		{5BA0EC4E-C6B4-86B0-1917-4842BAA8E3BB}.Release|Any CPU.Build.0 = Release|Any CPU
	EndGlobalSection
	GlobalSection(SolutionProperties) = preSolution
		HideSolutionNode = FALSE
	EndGlobalSection
EndGlobal
